
Microsoft Visual Studio Solution File, Format Version 9.00
# Visual Studio 2005
Project("{8BC9CEB8-8B4A-11D0-8D11-00A0C91BC942}") = "cppunit", "cppunit.vcproj", "{D6A3BE39-1B3E-4406-86C2-8B24FC291D5A}"
EndProject
Global
	GlobalSection(SolutionConfigurationPlatforms) = preSolution
		Debug|Win32 = Debug|Win32
		Release|Win32 = Release|Win32
	EndGlobalSection
	GlobalSection(ProjectConfigurationPlatforms) = postSolution
		{D6A3BE39-1B3E-4406-86C2-8B24FC291D5A}.Debug|Win32.ActiveCfg = Debug|Win32
		{D6A3BE39-1B3E-4406-86C2-8B24FC291D5A}.Debug|Win32.Build.0 = Debug|Win32
		{D6A3BE39-1B3E-4406-86C2-8B24FC291D5A}.Release|Win32.ActiveCfg = Release|Win32
		{D6A3BE39-1B3E-4406-86C2-8B24FC291D5A}.Release|Win32.Build.0 = Release|Win32
	EndGlobalSection
	GlobalSection(SolutionProperties) = preSolution
		HideSolutionNode = FALSE
	EndGlobalSection
EndGlobal
