
Microsoft Visual Studio Solution File, Format Version 9.00
# Visual Studio 2005
Project("{8BC9CEB8-8B4A-11D0-8D11-00A0C91BC942}") = "uedecrypt", "uedecrypt.vcproj", "{1B1401AB-7F19-441F-ACE4-BF4EF864EA4B}"
EndProject
Global
	GlobalSection(SolutionConfigurationPlatforms) = preSolution
		Debug|STANDARDSDK_500 (ARMV4I) = Debug|STANDARDSDK_500 (ARMV4I)
		Debug|Win32 = Debug|Win32
		Release|STANDARDSDK_500 (ARMV4I) = Release|STANDARDSDK_500 (ARMV4I)
		Release|Win32 = Release|Win32
	EndGlobalSection
	GlobalSection(ProjectConfigurationPlatforms) = postSolution
		{1B1401AB-7F19-441F-ACE4-BF4EF864EA4B}.Debug|STANDARDSDK_500 (ARMV4I).ActiveCfg = Debug|STANDARDSDK_500 (ARMV4I)
		{1B1401AB-7F19-441F-ACE4-BF4EF864EA4B}.Debug|STANDARDSDK_500 (ARMV4I).Build.0 = Debug|STANDARDSDK_500 (ARMV4I)
		{1B1401AB-7F19-441F-ACE4-BF4EF864EA4B}.Debug|Win32.ActiveCfg = Debug|Win32
		{1B1401AB-7F19-441F-ACE4-BF4EF864EA4B}.Debug|Win32.Build.0 = Debug|Win32
		{1B1401AB-7F19-441F-ACE4-BF4EF864EA4B}.Release|STANDARDSDK_500 (ARMV4I).ActiveCfg = Release|STANDARDSDK_500 (ARMV4I)
		{1B1401AB-7F19-441F-ACE4-BF4EF864EA4B}.Release|STANDARDSDK_500 (ARMV4I).Build.0 = Release|STANDARDSDK_500 (ARMV4I)
		{1B1401AB-7F19-441F-ACE4-BF4EF864EA4B}.Release|Win32.ActiveCfg = Release|Win32
		{1B1401AB-7F19-441F-ACE4-BF4EF864EA4B}.Release|Win32.Build.0 = Release|Win32
	EndGlobalSection
	GlobalSection(SolutionProperties) = preSolution
		HideSolutionNode = FALSE
	EndGlobalSection
EndGlobal
