
Microsoft Visual Studio Solution File, Format Version 9.00
# Visual Studio 2005
Project("{8BC9CEB8-8B4A-11D0-8D11-00A0C91BC942}") = "uefacade", "uefacade.vcproj", "{8F4F4AAC-AC62-40D6-B8ED-51AE0EDB26C9}"
	ProjectSection(ProjectDependencies) = postProject
		{76AFB579-18C9-431C-81A3-7945FFE0F2C6} = {76AFB579-18C9-431C-81A3-7945FFE0F2C6}
	EndProjectSection
EndProject
Project("{8BC9CEB8-8B4A-11D0-8D11-00A0C91BC942}") = "agg", "..\agg\agg.vcproj", "{7C19E2FF-965A-432E-9CDC-1788E42FEDD3}"
	ProjectSection(ProjectDependencies) = postProject
		{ED6723B4-0684-4659-B888-8B04DDFA17A0} = {ED6723B4-0684-4659-B888-8B04DDFA17A0}
	EndProjectSection
EndProject
Project("{8BC9CEB8-8B4A-11D0-8D11-00A0C91BC942}") = "freetype", "..\freetype\builds\win32\visualc\freetype.vcproj", "{B23A2B9E-0FA2-47D2-B140-3CC2E46C304B}"
	ProjectSection(ProjectDependencies) = postProject
		{C46F327A-D32B-4B9E-A704-1B0397501518} = {C46F327A-D32B-4B9E-A704-1B0397501518}
	EndProjectSection
EndProject
Project("{8BC9CEB8-8B4A-11D0-8D11-00A0C91BC942}") = "png", "..\png\png.vcproj", "{ED6723B4-0684-4659-B888-8B04DDFA17A0}"
	ProjectSection(ProjectDependencies) = postProject
		{B23A2B9E-0FA2-47D2-B140-3CC2E46C304B} = {B23A2B9E-0FA2-47D2-B140-3CC2E46C304B}
	EndProjectSection
EndProject
Project("{8BC9CEB8-8B4A-11D0-8D11-00A0C91BC942}") = "uebase", "..\uebase\uebase.vcproj", "{EFC275A9-47ED-4463-AF53-18C360B4F02D}"
	ProjectSection(ProjectDependencies) = postProject
		{D7EF9856-CC13-4563-BF6A-541D34501A14} = {D7EF9856-CC13-4563-BF6A-541D34501A14}
		{7C19E2FF-965A-432E-9CDC-1788E42FEDD3} = {7C19E2FF-965A-432E-9CDC-1788E42FEDD3}
	EndProjectSection
EndProject
Project("{8BC9CEB8-8B4A-11D0-8D11-00A0C91BC942}") = "uegps", "..\uegps\uegps.vcproj", "{CE26A7DF-D153-4586-80BD-CE2BC90DFB21}"
	ProjectSection(ProjectDependencies) = postProject
		{4AD8DE7E-4891-4BA2-A461-C0CF9ED8EEE4} = {4AD8DE7E-4891-4BA2-A461-C0CF9ED8EEE4}
	EndProjectSection
EndProject
Project("{8BC9CEB8-8B4A-11D0-8D11-00A0C91BC942}") = "uemap", "..\uemap\uemap.vcproj", "{8FBFEFD3-DE5C-4A93-941A-A34B2317EC45}"
	ProjectSection(ProjectDependencies) = postProject
		{2FAC1064-F323-4E8B-BA42-8034AF16C158} = {2FAC1064-F323-4E8B-BA42-8034AF16C158}
		{A0C6F0B1-9C1F-4508-A7CA-B13F15E6AD78} = {A0C6F0B1-9C1F-4508-A7CA-B13F15E6AD78}
	EndProjectSection
EndProject
Project("{8BC9CEB8-8B4A-11D0-8D11-00A0C91BC942}") = "uexml", "..\uexml\uexml.vcproj", "{D7EF9856-CC13-4563-BF6A-541D34501A14}"
EndProject
Project("{8BC9CEB8-8B4A-11D0-8D11-00A0C91BC942}") = "zlib", "..\zlib\zlib.vcproj", "{C46F327A-D32B-4B9E-A704-1B0397501518}"
EndProject
Project("{8BC9CEB8-8B4A-11D0-8D11-00A0C91BC942}") = "uemodel", "..\uemodel\uemodel.vcproj", "{4AD8DE7E-4891-4BA2-A461-C0CF9ED8EEE4}"
	ProjectSection(ProjectDependencies) = postProject
		{4391B7BF-1867-402E-9BBF-0A68417577E8} = {4391B7BF-1867-402E-9BBF-0A68417577E8}
	EndProjectSection
EndProject
Project("{8BC9CEB8-8B4A-11D0-8D11-00A0C91BC942}") = "ueroute", "..\ueroute\ueroute.vcproj", "{2FAC1064-F323-4E8B-BA42-8034AF16C158}"
	ProjectSection(ProjectDependencies) = postProject
		{CE26A7DF-D153-4586-80BD-CE2BC90DFB21} = {CE26A7DF-D153-4586-80BD-CE2BC90DFB21}
	EndProjectSection
EndProject
Project("{8BC9CEB8-8B4A-11D0-8D11-00A0C91BC942}") = "uequery", "..\uequery\uequery.vcproj", "{A0C6F0B1-9C1F-4508-A7CA-B13F15E6AD78}"
	ProjectSection(ProjectDependencies) = postProject
		{4AD8DE7E-4891-4BA2-A461-C0CF9ED8EEE4} = {4AD8DE7E-4891-4BA2-A461-C0CF9ED8EEE4}
		{EFC275A9-47ED-4463-AF53-18C360B4F02D} = {EFC275A9-47ED-4463-AF53-18C360B4F02D}
	EndProjectSection
EndProject
Project("{8BC9CEB8-8B4A-11D0-8D11-00A0C91BC942}") = "ueindex", "..\ueindex\ueindex.vcproj", "{4391B7BF-1867-402E-9BBF-0A68417577E8}"
	ProjectSection(ProjectDependencies) = postProject
		{EFC275A9-47ED-4463-AF53-18C360B4F02D} = {EFC275A9-47ED-4463-AF53-18C360B4F02D}
	EndProjectSection
EndProject
Project("{8BC9CEB8-8B4A-11D0-8D11-00A0C91BC942}") = "uegui", "..\uegui\uegui.vcproj", "{76AFB579-18C9-431C-81A3-7945FFE0F2C6}"
	ProjectSection(ProjectDependencies) = postProject
		{8FBFEFD3-DE5C-4A93-941A-A34B2317EC45} = {8FBFEFD3-DE5C-4A93-941A-A34B2317EC45}
	EndProjectSection
EndProject
Project("{8BC9CEB8-8B4A-11D0-8D11-00A0C91BC942}") = "uetool", "..\..\uetool\uetool.vcproj", "{AED785B1-284A-4BD0-BD44-F5910DC4590B}"
EndProject
Global
	GlobalSection(SolutionConfigurationPlatforms) = preSolution
		Debug|Pocket PC 2003 (ARMV4) = Debug|Pocket PC 2003 (ARMV4)
		Debug|Smartphone 2003 (ARMV4) = Debug|Smartphone 2003 (ARMV4)
		Debug|STANDARDSDK_500 (ARMV4I) = Debug|STANDARDSDK_500 (ARMV4I)
		Debug|STANDARDSDK_500 (x86) = Debug|STANDARDSDK_500 (x86)
		Debug|Win32 = Debug|Win32
		Debug|Windows Mobile 5.0 Pocket PC SDK (ARMV4I) = Debug|Windows Mobile 5.0 Pocket PC SDK (ARMV4I)
		Release|Pocket PC 2003 (ARMV4) = Release|Pocket PC 2003 (ARMV4)
		Release|Smartphone 2003 (ARMV4) = Release|Smartphone 2003 (ARMV4)
		Release|STANDARDSDK_500 (ARMV4I) = Release|STANDARDSDK_500 (ARMV4I)
		Release|STANDARDSDK_500 (x86) = Release|STANDARDSDK_500 (x86)
		Release|Win32 = Release|Win32
		Release|Windows Mobile 5.0 Pocket PC SDK (ARMV4I) = Release|Windows Mobile 5.0 Pocket PC SDK (ARMV4I)
	EndGlobalSection
	GlobalSection(ProjectConfigurationPlatforms) = postSolution
		{8F4F4AAC-AC62-40D6-B8ED-51AE0EDB26C9}.Debug|Pocket PC 2003 (ARMV4).ActiveCfg = Debug|Win32
		{8F4F4AAC-AC62-40D6-B8ED-51AE0EDB26C9}.Debug|Smartphone 2003 (ARMV4).ActiveCfg = Debug|Win32
		{8F4F4AAC-AC62-40D6-B8ED-51AE0EDB26C9}.Debug|STANDARDSDK_500 (ARMV4I).ActiveCfg = Debug|STANDARDSDK_500 (ARMV4I)
		{8F4F4AAC-AC62-40D6-B8ED-51AE0EDB26C9}.Debug|STANDARDSDK_500 (ARMV4I).Build.0 = Debug|STANDARDSDK_500 (ARMV4I)
		{8F4F4AAC-AC62-40D6-B8ED-51AE0EDB26C9}.Debug|STANDARDSDK_500 (ARMV4I).Deploy.0 = Debug|STANDARDSDK_500 (ARMV4I)
		{8F4F4AAC-AC62-40D6-B8ED-51AE0EDB26C9}.Debug|STANDARDSDK_500 (x86).ActiveCfg = Debug|Win32
		{8F4F4AAC-AC62-40D6-B8ED-51AE0EDB26C9}.Debug|Win32.ActiveCfg = Debug|Win32
		{8F4F4AAC-AC62-40D6-B8ED-51AE0EDB26C9}.Debug|Win32.Build.0 = Debug|Win32
		{8F4F4AAC-AC62-40D6-B8ED-51AE0EDB26C9}.Debug|Windows Mobile 5.0 Pocket PC SDK (ARMV4I).ActiveCfg = Debug|Win32
		{8F4F4AAC-AC62-40D6-B8ED-51AE0EDB26C9}.Release|Pocket PC 2003 (ARMV4).ActiveCfg = Release|Win32
		{8F4F4AAC-AC62-40D6-B8ED-51AE0EDB26C9}.Release|Smartphone 2003 (ARMV4).ActiveCfg = Release|Win32
		{8F4F4AAC-AC62-40D6-B8ED-51AE0EDB26C9}.Release|STANDARDSDK_500 (ARMV4I).ActiveCfg = Release|STANDARDSDK_500 (ARMV4I)
		{8F4F4AAC-AC62-40D6-B8ED-51AE0EDB26C9}.Release|STANDARDSDK_500 (ARMV4I).Build.0 = Release|STANDARDSDK_500 (ARMV4I)
		{8F4F4AAC-AC62-40D6-B8ED-51AE0EDB26C9}.Release|STANDARDSDK_500 (ARMV4I).Deploy.0 = Release|STANDARDSDK_500 (ARMV4I)
		{8F4F4AAC-AC62-40D6-B8ED-51AE0EDB26C9}.Release|STANDARDSDK_500 (x86).ActiveCfg = Release|Win32
		{8F4F4AAC-AC62-40D6-B8ED-51AE0EDB26C9}.Release|Win32.ActiveCfg = Release|Win32
		{8F4F4AAC-AC62-40D6-B8ED-51AE0EDB26C9}.Release|Win32.Build.0 = Release|Win32
		{8F4F4AAC-AC62-40D6-B8ED-51AE0EDB26C9}.Release|Windows Mobile 5.0 Pocket PC SDK (ARMV4I).ActiveCfg = Release|Windows Mobile 5.0 Pocket PC SDK (ARMV4I)
		{8F4F4AAC-AC62-40D6-B8ED-51AE0EDB26C9}.Release|Windows Mobile 5.0 Pocket PC SDK (ARMV4I).Build.0 = Release|Windows Mobile 5.0 Pocket PC SDK (ARMV4I)
		{8F4F4AAC-AC62-40D6-B8ED-51AE0EDB26C9}.Release|Windows Mobile 5.0 Pocket PC SDK (ARMV4I).Deploy.0 = Release|Windows Mobile 5.0 Pocket PC SDK (ARMV4I)
		{7C19E2FF-965A-432E-9CDC-1788E42FEDD3}.Debug|Pocket PC 2003 (ARMV4).ActiveCfg = Debug|Win32
		{7C19E2FF-965A-432E-9CDC-1788E42FEDD3}.Debug|Smartphone 2003 (ARMV4).ActiveCfg = Debug|Win32
		{7C19E2FF-965A-432E-9CDC-1788E42FEDD3}.Debug|STANDARDSDK_500 (ARMV4I).ActiveCfg = Debug|STANDARDSDK_500 (ARMV4I)
		{7C19E2FF-965A-432E-9CDC-1788E42FEDD3}.Debug|STANDARDSDK_500 (ARMV4I).Build.0 = Debug|STANDARDSDK_500 (ARMV4I)
		{7C19E2FF-965A-432E-9CDC-1788E42FEDD3}.Debug|STANDARDSDK_500 (ARMV4I).Deploy.0 = Debug|STANDARDSDK_500 (ARMV4I)
		{7C19E2FF-965A-432E-9CDC-1788E42FEDD3}.Debug|STANDARDSDK_500 (x86).ActiveCfg = Debug|Win32
		{7C19E2FF-965A-432E-9CDC-1788E42FEDD3}.Debug|Win32.ActiveCfg = Debug|Win32
		{7C19E2FF-965A-432E-9CDC-1788E42FEDD3}.Debug|Win32.Build.0 = Debug|Win32
		{7C19E2FF-965A-432E-9CDC-1788E42FEDD3}.Debug|Windows Mobile 5.0 Pocket PC SDK (ARMV4I).ActiveCfg = Debug|Win32
		{7C19E2FF-965A-432E-9CDC-1788E42FEDD3}.Release|Pocket PC 2003 (ARMV4).ActiveCfg = Release|Win32
		{7C19E2FF-965A-432E-9CDC-1788E42FEDD3}.Release|Smartphone 2003 (ARMV4).ActiveCfg = Release|Win32
		{7C19E2FF-965A-432E-9CDC-1788E42FEDD3}.Release|STANDARDSDK_500 (ARMV4I).ActiveCfg = Release|STANDARDSDK_500 (ARMV4I)
		{7C19E2FF-965A-432E-9CDC-1788E42FEDD3}.Release|STANDARDSDK_500 (ARMV4I).Build.0 = Release|STANDARDSDK_500 (ARMV4I)
		{7C19E2FF-965A-432E-9CDC-1788E42FEDD3}.Release|STANDARDSDK_500 (ARMV4I).Deploy.0 = Release|STANDARDSDK_500 (ARMV4I)
		{7C19E2FF-965A-432E-9CDC-1788E42FEDD3}.Release|STANDARDSDK_500 (x86).ActiveCfg = Release|Win32
		{7C19E2FF-965A-432E-9CDC-1788E42FEDD3}.Release|Win32.ActiveCfg = Release|Win32
		{7C19E2FF-965A-432E-9CDC-1788E42FEDD3}.Release|Win32.Build.0 = Release|Win32
		{7C19E2FF-965A-432E-9CDC-1788E42FEDD3}.Release|Windows Mobile 5.0 Pocket PC SDK (ARMV4I).ActiveCfg = Release|Windows Mobile 5.0 Pocket PC SDK (ARMV4I)
		{7C19E2FF-965A-432E-9CDC-1788E42FEDD3}.Release|Windows Mobile 5.0 Pocket PC SDK (ARMV4I).Build.0 = Release|Windows Mobile 5.0 Pocket PC SDK (ARMV4I)
		{7C19E2FF-965A-432E-9CDC-1788E42FEDD3}.Release|Windows Mobile 5.0 Pocket PC SDK (ARMV4I).Deploy.0 = Release|Windows Mobile 5.0 Pocket PC SDK (ARMV4I)
		{B23A2B9E-0FA2-47D2-B140-3CC2E46C304B}.Debug|Pocket PC 2003 (ARMV4).ActiveCfg = Debug|Win32
		{B23A2B9E-0FA2-47D2-B140-3CC2E46C304B}.Debug|Smartphone 2003 (ARMV4).ActiveCfg = Debug|Win32
		{B23A2B9E-0FA2-47D2-B140-3CC2E46C304B}.Debug|STANDARDSDK_500 (ARMV4I).ActiveCfg = Debug|STANDARDSDK_500 (ARMV4I)
		{B23A2B9E-0FA2-47D2-B140-3CC2E46C304B}.Debug|STANDARDSDK_500 (ARMV4I).Build.0 = Debug|STANDARDSDK_500 (ARMV4I)
		{B23A2B9E-0FA2-47D2-B140-3CC2E46C304B}.Debug|STANDARDSDK_500 (ARMV4I).Deploy.0 = Debug|STANDARDSDK_500 (ARMV4I)
		{B23A2B9E-0FA2-47D2-B140-3CC2E46C304B}.Debug|STANDARDSDK_500 (x86).ActiveCfg = Debug|Win32
		{B23A2B9E-0FA2-47D2-B140-3CC2E46C304B}.Debug|Win32.ActiveCfg = Debug|Win32
		{B23A2B9E-0FA2-47D2-B140-3CC2E46C304B}.Debug|Win32.Build.0 = Debug|Win32
		{B23A2B9E-0FA2-47D2-B140-3CC2E46C304B}.Debug|Windows Mobile 5.0 Pocket PC SDK (ARMV4I).ActiveCfg = Debug|Win32
		{B23A2B9E-0FA2-47D2-B140-3CC2E46C304B}.Release|Pocket PC 2003 (ARMV4).ActiveCfg = Release|Win32
		{B23A2B9E-0FA2-47D2-B140-3CC2E46C304B}.Release|Smartphone 2003 (ARMV4).ActiveCfg = Release|Win32
		{B23A2B9E-0FA2-47D2-B140-3CC2E46C304B}.Release|STANDARDSDK_500 (ARMV4I).ActiveCfg = Release|STANDARDSDK_500 (ARMV4I)
		{B23A2B9E-0FA2-47D2-B140-3CC2E46C304B}.Release|STANDARDSDK_500 (ARMV4I).Build.0 = Release|STANDARDSDK_500 (ARMV4I)
		{B23A2B9E-0FA2-47D2-B140-3CC2E46C304B}.Release|STANDARDSDK_500 (ARMV4I).Deploy.0 = Release|STANDARDSDK_500 (ARMV4I)
		{B23A2B9E-0FA2-47D2-B140-3CC2E46C304B}.Release|STANDARDSDK_500 (x86).ActiveCfg = Release|Win32
		{B23A2B9E-0FA2-47D2-B140-3CC2E46C304B}.Release|Win32.ActiveCfg = Release|Win32
		{B23A2B9E-0FA2-47D2-B140-3CC2E46C304B}.Release|Win32.Build.0 = Release|Win32
		{B23A2B9E-0FA2-47D2-B140-3CC2E46C304B}.Release|Windows Mobile 5.0 Pocket PC SDK (ARMV4I).ActiveCfg = Release|Windows Mobile 5.0 Pocket PC SDK (ARMV4I)
		{B23A2B9E-0FA2-47D2-B140-3CC2E46C304B}.Release|Windows Mobile 5.0 Pocket PC SDK (ARMV4I).Build.0 = Release|Windows Mobile 5.0 Pocket PC SDK (ARMV4I)
		{B23A2B9E-0FA2-47D2-B140-3CC2E46C304B}.Release|Windows Mobile 5.0 Pocket PC SDK (ARMV4I).Deploy.0 = Release|Windows Mobile 5.0 Pocket PC SDK (ARMV4I)
		{ED6723B4-0684-4659-B888-8B04DDFA17A0}.Debug|Pocket PC 2003 (ARMV4).ActiveCfg = Debug|Win32
		{ED6723B4-0684-4659-B888-8B04DDFA17A0}.Debug|Smartphone 2003 (ARMV4).ActiveCfg = Debug|Win32
		{ED6723B4-0684-4659-B888-8B04DDFA17A0}.Debug|STANDARDSDK_500 (ARMV4I).ActiveCfg = Debug|STANDARDSDK_500 (ARMV4I)
		{ED6723B4-0684-4659-B888-8B04DDFA17A0}.Debug|STANDARDSDK_500 (ARMV4I).Build.0 = Debug|STANDARDSDK_500 (ARMV4I)
		{ED6723B4-0684-4659-B888-8B04DDFA17A0}.Debug|STANDARDSDK_500 (ARMV4I).Deploy.0 = Debug|STANDARDSDK_500 (ARMV4I)
		{ED6723B4-0684-4659-B888-8B04DDFA17A0}.Debug|STANDARDSDK_500 (x86).ActiveCfg = Debug|Win32
		{ED6723B4-0684-4659-B888-8B04DDFA17A0}.Debug|Win32.ActiveCfg = Debug|Win32
		{ED6723B4-0684-4659-B888-8B04DDFA17A0}.Debug|Win32.Build.0 = Debug|Win32
		{ED6723B4-0684-4659-B888-8B04DDFA17A0}.Debug|Windows Mobile 5.0 Pocket PC SDK (ARMV4I).ActiveCfg = Debug|Win32
		{ED6723B4-0684-4659-B888-8B04DDFA17A0}.Release|Pocket PC 2003 (ARMV4).ActiveCfg = Release|Win32
		{ED6723B4-0684-4659-B888-8B04DDFA17A0}.Release|Smartphone 2003 (ARMV4).ActiveCfg = Release|Win32
		{ED6723B4-0684-4659-B888-8B04DDFA17A0}.Release|STANDARDSDK_500 (ARMV4I).ActiveCfg = Release|STANDARDSDK_500 (ARMV4I)
		{ED6723B4-0684-4659-B888-8B04DDFA17A0}.Release|STANDARDSDK_500 (ARMV4I).Build.0 = Release|STANDARDSDK_500 (ARMV4I)
		{ED6723B4-0684-4659-B888-8B04DDFA17A0}.Release|STANDARDSDK_500 (ARMV4I).Deploy.0 = Release|STANDARDSDK_500 (ARMV4I)
		{ED6723B4-0684-4659-B888-8B04DDFA17A0}.Release|STANDARDSDK_500 (x86).ActiveCfg = Release|Win32
		{ED6723B4-0684-4659-B888-8B04DDFA17A0}.Release|Win32.ActiveCfg = Release|Win32
		{ED6723B4-0684-4659-B888-8B04DDFA17A0}.Release|Win32.Build.0 = Release|Win32
		{ED6723B4-0684-4659-B888-8B04DDFA17A0}.Release|Windows Mobile 5.0 Pocket PC SDK (ARMV4I).ActiveCfg = Release|Windows Mobile 5.0 Pocket PC SDK (ARMV4I)
		{ED6723B4-0684-4659-B888-8B04DDFA17A0}.Release|Windows Mobile 5.0 Pocket PC SDK (ARMV4I).Build.0 = Release|Windows Mobile 5.0 Pocket PC SDK (ARMV4I)
		{ED6723B4-0684-4659-B888-8B04DDFA17A0}.Release|Windows Mobile 5.0 Pocket PC SDK (ARMV4I).Deploy.0 = Release|Windows Mobile 5.0 Pocket PC SDK (ARMV4I)
		{EFC275A9-47ED-4463-AF53-18C360B4F02D}.Debug|Pocket PC 2003 (ARMV4).ActiveCfg = Debug|Win32
		{EFC275A9-47ED-4463-AF53-18C360B4F02D}.Debug|Smartphone 2003 (ARMV4).ActiveCfg = Debug|Win32
		{EFC275A9-47ED-4463-AF53-18C360B4F02D}.Debug|STANDARDSDK_500 (ARMV4I).ActiveCfg = Debug|STANDARDSDK_500 (ARMV4I)
		{EFC275A9-47ED-4463-AF53-18C360B4F02D}.Debug|STANDARDSDK_500 (ARMV4I).Build.0 = Debug|STANDARDSDK_500 (ARMV4I)
		{EFC275A9-47ED-4463-AF53-18C360B4F02D}.Debug|STANDARDSDK_500 (ARMV4I).Deploy.0 = Debug|STANDARDSDK_500 (ARMV4I)
		{EFC275A9-47ED-4463-AF53-18C360B4F02D}.Debug|STANDARDSDK_500 (x86).ActiveCfg = Debug|Win32
		{EFC275A9-47ED-4463-AF53-18C360B4F02D}.Debug|Win32.ActiveCfg = Debug|Win32
		{EFC275A9-47ED-4463-AF53-18C360B4F02D}.Debug|Win32.Build.0 = Debug|Win32
		{EFC275A9-47ED-4463-AF53-18C360B4F02D}.Debug|Windows Mobile 5.0 Pocket PC SDK (ARMV4I).ActiveCfg = Debug|Win32
		{EFC275A9-47ED-4463-AF53-18C360B4F02D}.Release|Pocket PC 2003 (ARMV4).ActiveCfg = Release|Win32
		{EFC275A9-47ED-4463-AF53-18C360B4F02D}.Release|Smartphone 2003 (ARMV4).ActiveCfg = Release|Win32
		{EFC275A9-47ED-4463-AF53-18C360B4F02D}.Release|STANDARDSDK_500 (ARMV4I).ActiveCfg = Release|STANDARDSDK_500 (ARMV4I)
		{EFC275A9-47ED-4463-AF53-18C360B4F02D}.Release|STANDARDSDK_500 (ARMV4I).Build.0 = Release|STANDARDSDK_500 (ARMV4I)
		{EFC275A9-47ED-4463-AF53-18C360B4F02D}.Release|STANDARDSDK_500 (ARMV4I).Deploy.0 = Release|STANDARDSDK_500 (ARMV4I)
		{EFC275A9-47ED-4463-AF53-18C360B4F02D}.Release|STANDARDSDK_500 (x86).ActiveCfg = Release|Win32
		{EFC275A9-47ED-4463-AF53-18C360B4F02D}.Release|Win32.ActiveCfg = Release|Win32
		{EFC275A9-47ED-4463-AF53-18C360B4F02D}.Release|Win32.Build.0 = Release|Win32
		{EFC275A9-47ED-4463-AF53-18C360B4F02D}.Release|Windows Mobile 5.0 Pocket PC SDK (ARMV4I).ActiveCfg = Release|Windows Mobile 5.0 Pocket PC SDK (ARMV4I)
		{EFC275A9-47ED-4463-AF53-18C360B4F02D}.Release|Windows Mobile 5.0 Pocket PC SDK (ARMV4I).Build.0 = Release|Windows Mobile 5.0 Pocket PC SDK (ARMV4I)
		{EFC275A9-47ED-4463-AF53-18C360B4F02D}.Release|Windows Mobile 5.0 Pocket PC SDK (ARMV4I).Deploy.0 = Release|Windows Mobile 5.0 Pocket PC SDK (ARMV4I)
		{CE26A7DF-D153-4586-80BD-CE2BC90DFB21}.Debug|Pocket PC 2003 (ARMV4).ActiveCfg = Debug|Win32
		{CE26A7DF-D153-4586-80BD-CE2BC90DFB21}.Debug|Smartphone 2003 (ARMV4).ActiveCfg = Debug|Win32
		{CE26A7DF-D153-4586-80BD-CE2BC90DFB21}.Debug|STANDARDSDK_500 (ARMV4I).ActiveCfg = Debug|STANDARDSDK_500 (ARMV4I)
		{CE26A7DF-D153-4586-80BD-CE2BC90DFB21}.Debug|STANDARDSDK_500 (ARMV4I).Build.0 = Debug|STANDARDSDK_500 (ARMV4I)
		{CE26A7DF-D153-4586-80BD-CE2BC90DFB21}.Debug|STANDARDSDK_500 (ARMV4I).Deploy.0 = Debug|STANDARDSDK_500 (ARMV4I)
		{CE26A7DF-D153-4586-80BD-CE2BC90DFB21}.Debug|STANDARDSDK_500 (x86).ActiveCfg = Debug|Win32
		{CE26A7DF-D153-4586-80BD-CE2BC90DFB21}.Debug|Win32.ActiveCfg = Debug|Win32
		{CE26A7DF-D153-4586-80BD-CE2BC90DFB21}.Debug|Win32.Build.0 = Debug|Win32
		{CE26A7DF-D153-4586-80BD-CE2BC90DFB21}.Debug|Windows Mobile 5.0 Pocket PC SDK (ARMV4I).ActiveCfg = Debug|Win32
		{CE26A7DF-D153-4586-80BD-CE2BC90DFB21}.Release|Pocket PC 2003 (ARMV4).ActiveCfg = Release|Win32
		{CE26A7DF-D153-4586-80BD-CE2BC90DFB21}.Release|Smartphone 2003 (ARMV4).ActiveCfg = Release|Win32
		{CE26A7DF-D153-4586-80BD-CE2BC90DFB21}.Release|STANDARDSDK_500 (ARMV4I).ActiveCfg = Release|STANDARDSDK_500 (ARMV4I)
		{CE26A7DF-D153-4586-80BD-CE2BC90DFB21}.Release|STANDARDSDK_500 (ARMV4I).Build.0 = Release|STANDARDSDK_500 (ARMV4I)
		{CE26A7DF-D153-4586-80BD-CE2BC90DFB21}.Release|STANDARDSDK_500 (ARMV4I).Deploy.0 = Release|STANDARDSDK_500 (ARMV4I)
		{CE26A7DF-D153-4586-80BD-CE2BC90DFB21}.Release|STANDARDSDK_500 (x86).ActiveCfg = Release|Win32
		{CE26A7DF-D153-4586-80BD-CE2BC90DFB21}.Release|Win32.ActiveCfg = Release|Win32
		{CE26A7DF-D153-4586-80BD-CE2BC90DFB21}.Release|Win32.Build.0 = Release|Win32
		{CE26A7DF-D153-4586-80BD-CE2BC90DFB21}.Release|Windows Mobile 5.0 Pocket PC SDK (ARMV4I).ActiveCfg = Release|Windows Mobile 5.0 Pocket PC SDK (ARMV4I)
		{CE26A7DF-D153-4586-80BD-CE2BC90DFB21}.Release|Windows Mobile 5.0 Pocket PC SDK (ARMV4I).Build.0 = Release|Windows Mobile 5.0 Pocket PC SDK (ARMV4I)
		{CE26A7DF-D153-4586-80BD-CE2BC90DFB21}.Release|Windows Mobile 5.0 Pocket PC SDK (ARMV4I).Deploy.0 = Release|Windows Mobile 5.0 Pocket PC SDK (ARMV4I)
		{8FBFEFD3-DE5C-4A93-941A-A34B2317EC45}.Debug|Pocket PC 2003 (ARMV4).ActiveCfg = Debug|Win32
		{8FBFEFD3-DE5C-4A93-941A-A34B2317EC45}.Debug|Smartphone 2003 (ARMV4).ActiveCfg = Debug|Win32
		{8FBFEFD3-DE5C-4A93-941A-A34B2317EC45}.Debug|STANDARDSDK_500 (ARMV4I).ActiveCfg = Debug|STANDARDSDK_500 (ARMV4I)
		{8FBFEFD3-DE5C-4A93-941A-A34B2317EC45}.Debug|STANDARDSDK_500 (ARMV4I).Build.0 = Debug|STANDARDSDK_500 (ARMV4I)
		{8FBFEFD3-DE5C-4A93-941A-A34B2317EC45}.Debug|STANDARDSDK_500 (ARMV4I).Deploy.0 = Debug|STANDARDSDK_500 (ARMV4I)
		{8FBFEFD3-DE5C-4A93-941A-A34B2317EC45}.Debug|STANDARDSDK_500 (x86).ActiveCfg = Debug|Win32
		{8FBFEFD3-DE5C-4A93-941A-A34B2317EC45}.Debug|Win32.ActiveCfg = Debug|Win32
		{8FBFEFD3-DE5C-4A93-941A-A34B2317EC45}.Debug|Win32.Build.0 = Debug|Win32
		{8FBFEFD3-DE5C-4A93-941A-A34B2317EC45}.Debug|Windows Mobile 5.0 Pocket PC SDK (ARMV4I).ActiveCfg = Debug|Win32
		{8FBFEFD3-DE5C-4A93-941A-A34B2317EC45}.Release|Pocket PC 2003 (ARMV4).ActiveCfg = Release|Win32
		{8FBFEFD3-DE5C-4A93-941A-A34B2317EC45}.Release|Smartphone 2003 (ARMV4).ActiveCfg = Release|Win32
		{8FBFEFD3-DE5C-4A93-941A-A34B2317EC45}.Release|STANDARDSDK_500 (ARMV4I).ActiveCfg = Release|STANDARDSDK_500 (ARMV4I)
		{8FBFEFD3-DE5C-4A93-941A-A34B2317EC45}.Release|STANDARDSDK_500 (ARMV4I).Build.0 = Release|STANDARDSDK_500 (ARMV4I)
		{8FBFEFD3-DE5C-4A93-941A-A34B2317EC45}.Release|STANDARDSDK_500 (ARMV4I).Deploy.0 = Release|STANDARDSDK_500 (ARMV4I)
		{8FBFEFD3-DE5C-4A93-941A-A34B2317EC45}.Release|STANDARDSDK_500 (x86).ActiveCfg = Release|Win32
		{8FBFEFD3-DE5C-4A93-941A-A34B2317EC45}.Release|Win32.ActiveCfg = Release|Win32
		{8FBFEFD3-DE5C-4A93-941A-A34B2317EC45}.Release|Win32.Build.0 = Release|Win32
		{8FBFEFD3-DE5C-4A93-941A-A34B2317EC45}.Release|Windows Mobile 5.0 Pocket PC SDK (ARMV4I).ActiveCfg = Release|Windows Mobile 5.0 Pocket PC SDK (ARMV4I)
		{8FBFEFD3-DE5C-4A93-941A-A34B2317EC45}.Release|Windows Mobile 5.0 Pocket PC SDK (ARMV4I).Build.0 = Release|Windows Mobile 5.0 Pocket PC SDK (ARMV4I)
		{8FBFEFD3-DE5C-4A93-941A-A34B2317EC45}.Release|Windows Mobile 5.0 Pocket PC SDK (ARMV4I).Deploy.0 = Release|Windows Mobile 5.0 Pocket PC SDK (ARMV4I)
		{D7EF9856-CC13-4563-BF6A-541D34501A14}.Debug|Pocket PC 2003 (ARMV4).ActiveCfg = Debug|Win32
		{D7EF9856-CC13-4563-BF6A-541D34501A14}.Debug|Smartphone 2003 (ARMV4).ActiveCfg = Debug|Win32
		{D7EF9856-CC13-4563-BF6A-541D34501A14}.Debug|STANDARDSDK_500 (ARMV4I).ActiveCfg = Debug|STANDARDSDK_500 (ARMV4I)
		{D7EF9856-CC13-4563-BF6A-541D34501A14}.Debug|STANDARDSDK_500 (ARMV4I).Build.0 = Debug|STANDARDSDK_500 (ARMV4I)
		{D7EF9856-CC13-4563-BF6A-541D34501A14}.Debug|STANDARDSDK_500 (ARMV4I).Deploy.0 = Debug|STANDARDSDK_500 (ARMV4I)
		{D7EF9856-CC13-4563-BF6A-541D34501A14}.Debug|STANDARDSDK_500 (x86).ActiveCfg = Debug|Win32
		{D7EF9856-CC13-4563-BF6A-541D34501A14}.Debug|Win32.ActiveCfg = Debug|Win32
		{D7EF9856-CC13-4563-BF6A-541D34501A14}.Debug|Win32.Build.0 = Debug|Win32
		{D7EF9856-CC13-4563-BF6A-541D34501A14}.Debug|Windows Mobile 5.0 Pocket PC SDK (ARMV4I).ActiveCfg = Debug|Win32
		{D7EF9856-CC13-4563-BF6A-541D34501A14}.Release|Pocket PC 2003 (ARMV4).ActiveCfg = Release|Win32
		{D7EF9856-CC13-4563-BF6A-541D34501A14}.Release|Smartphone 2003 (ARMV4).ActiveCfg = Release|Win32
		{D7EF9856-CC13-4563-BF6A-541D34501A14}.Release|STANDARDSDK_500 (ARMV4I).ActiveCfg = Release|STANDARDSDK_500 (ARMV4I)
		{D7EF9856-CC13-4563-BF6A-541D34501A14}.Release|STANDARDSDK_500 (ARMV4I).Build.0 = Release|STANDARDSDK_500 (ARMV4I)
		{D7EF9856-CC13-4563-BF6A-541D34501A14}.Release|STANDARDSDK_500 (ARMV4I).Deploy.0 = Release|STANDARDSDK_500 (ARMV4I)
		{D7EF9856-CC13-4563-BF6A-541D34501A14}.Release|STANDARDSDK_500 (x86).ActiveCfg = Release|Win32
		{D7EF9856-CC13-4563-BF6A-541D34501A14}.Release|Win32.ActiveCfg = Release|Win32
		{D7EF9856-CC13-4563-BF6A-541D34501A14}.Release|Win32.Build.0 = Release|Win32
		{D7EF9856-CC13-4563-BF6A-541D34501A14}.Release|Windows Mobile 5.0 Pocket PC SDK (ARMV4I).ActiveCfg = Release|Windows Mobile 5.0 Pocket PC SDK (ARMV4I)
		{D7EF9856-CC13-4563-BF6A-541D34501A14}.Release|Windows Mobile 5.0 Pocket PC SDK (ARMV4I).Build.0 = Release|Windows Mobile 5.0 Pocket PC SDK (ARMV4I)
		{D7EF9856-CC13-4563-BF6A-541D34501A14}.Release|Windows Mobile 5.0 Pocket PC SDK (ARMV4I).Deploy.0 = Release|Windows Mobile 5.0 Pocket PC SDK (ARMV4I)
		{C46F327A-D32B-4B9E-A704-1B0397501518}.Debug|Pocket PC 2003 (ARMV4).ActiveCfg = Debug|Win32
		{C46F327A-D32B-4B9E-A704-1B0397501518}.Debug|Smartphone 2003 (ARMV4).ActiveCfg = Debug|Win32
		{C46F327A-D32B-4B9E-A704-1B0397501518}.Debug|STANDARDSDK_500 (ARMV4I).ActiveCfg = Debug|STANDARDSDK_500 (ARMV4I)
		{C46F327A-D32B-4B9E-A704-1B0397501518}.Debug|STANDARDSDK_500 (ARMV4I).Build.0 = Debug|STANDARDSDK_500 (ARMV4I)
		{C46F327A-D32B-4B9E-A704-1B0397501518}.Debug|STANDARDSDK_500 (ARMV4I).Deploy.0 = Debug|STANDARDSDK_500 (ARMV4I)
		{C46F327A-D32B-4B9E-A704-1B0397501518}.Debug|STANDARDSDK_500 (x86).ActiveCfg = Debug|Win32
		{C46F327A-D32B-4B9E-A704-1B0397501518}.Debug|Win32.ActiveCfg = Debug|Win32
		{C46F327A-D32B-4B9E-A704-1B0397501518}.Debug|Win32.Build.0 = Debug|Win32
		{C46F327A-D32B-4B9E-A704-1B0397501518}.Debug|Windows Mobile 5.0 Pocket PC SDK (ARMV4I).ActiveCfg = Debug|Win32
		{C46F327A-D32B-4B9E-A704-1B0397501518}.Release|Pocket PC 2003 (ARMV4).ActiveCfg = Release|Win32
		{C46F327A-D32B-4B9E-A704-1B0397501518}.Release|Smartphone 2003 (ARMV4).ActiveCfg = Release|Win32
		{C46F327A-D32B-4B9E-A704-1B0397501518}.Release|STANDARDSDK_500 (ARMV4I).ActiveCfg = Release|STANDARDSDK_500 (ARMV4I)
		{C46F327A-D32B-4B9E-A704-1B0397501518}.Release|STANDARDSDK_500 (ARMV4I).Build.0 = Release|STANDARDSDK_500 (ARMV4I)
		{C46F327A-D32B-4B9E-A704-1B0397501518}.Release|STANDARDSDK_500 (ARMV4I).Deploy.0 = Release|STANDARDSDK_500 (ARMV4I)
		{C46F327A-D32B-4B9E-A704-1B0397501518}.Release|STANDARDSDK_500 (x86).ActiveCfg = Release|Win32
		{C46F327A-D32B-4B9E-A704-1B0397501518}.Release|Win32.ActiveCfg = Release|Win32
		{C46F327A-D32B-4B9E-A704-1B0397501518}.Release|Win32.Build.0 = Release|Win32
		{C46F327A-D32B-4B9E-A704-1B0397501518}.Release|Windows Mobile 5.0 Pocket PC SDK (ARMV4I).ActiveCfg = Release|Windows Mobile 5.0 Pocket PC SDK (ARMV4I)
		{C46F327A-D32B-4B9E-A704-1B0397501518}.Release|Windows Mobile 5.0 Pocket PC SDK (ARMV4I).Build.0 = Release|Windows Mobile 5.0 Pocket PC SDK (ARMV4I)
		{C46F327A-D32B-4B9E-A704-1B0397501518}.Release|Windows Mobile 5.0 Pocket PC SDK (ARMV4I).Deploy.0 = Release|Windows Mobile 5.0 Pocket PC SDK (ARMV4I)
		{4AD8DE7E-4891-4BA2-A461-C0CF9ED8EEE4}.Debug|Pocket PC 2003 (ARMV4).ActiveCfg = Debug|Win32
		{4AD8DE7E-4891-4BA2-A461-C0CF9ED8EEE4}.Debug|Smartphone 2003 (ARMV4).ActiveCfg = Debug|Win32
		{4AD8DE7E-4891-4BA2-A461-C0CF9ED8EEE4}.Debug|STANDARDSDK_500 (ARMV4I).ActiveCfg = Debug|STANDARDSDK_500 (ARMV4I)
		{4AD8DE7E-4891-4BA2-A461-C0CF9ED8EEE4}.Debug|STANDARDSDK_500 (ARMV4I).Build.0 = Debug|STANDARDSDK_500 (ARMV4I)
		{4AD8DE7E-4891-4BA2-A461-C0CF9ED8EEE4}.Debug|STANDARDSDK_500 (ARMV4I).Deploy.0 = Debug|STANDARDSDK_500 (ARMV4I)
		{4AD8DE7E-4891-4BA2-A461-C0CF9ED8EEE4}.Debug|STANDARDSDK_500 (x86).ActiveCfg = Debug|Win32
		{4AD8DE7E-4891-4BA2-A461-C0CF9ED8EEE4}.Debug|Win32.ActiveCfg = Debug|Win32
		{4AD8DE7E-4891-4BA2-A461-C0CF9ED8EEE4}.Debug|Win32.Build.0 = Debug|Win32
		{4AD8DE7E-4891-4BA2-A461-C0CF9ED8EEE4}.Debug|Windows Mobile 5.0 Pocket PC SDK (ARMV4I).ActiveCfg = Debug|Win32
		{4AD8DE7E-4891-4BA2-A461-C0CF9ED8EEE4}.Release|Pocket PC 2003 (ARMV4).ActiveCfg = Release|Win32
		{4AD8DE7E-4891-4BA2-A461-C0CF9ED8EEE4}.Release|Smartphone 2003 (ARMV4).ActiveCfg = Release|Win32
		{4AD8DE7E-4891-4BA2-A461-C0CF9ED8EEE4}.Release|STANDARDSDK_500 (ARMV4I).ActiveCfg = Release|STANDARDSDK_500 (ARMV4I)
		{4AD8DE7E-4891-4BA2-A461-C0CF9ED8EEE4}.Release|STANDARDSDK_500 (ARMV4I).Build.0 = Release|STANDARDSDK_500 (ARMV4I)
		{4AD8DE7E-4891-4BA2-A461-C0CF9ED8EEE4}.Release|STANDARDSDK_500 (ARMV4I).Deploy.0 = Release|STANDARDSDK_500 (ARMV4I)
		{4AD8DE7E-4891-4BA2-A461-C0CF9ED8EEE4}.Release|STANDARDSDK_500 (x86).ActiveCfg = Release|Win32
		{4AD8DE7E-4891-4BA2-A461-C0CF9ED8EEE4}.Release|Win32.ActiveCfg = Release|Win32
		{4AD8DE7E-4891-4BA2-A461-C0CF9ED8EEE4}.Release|Win32.Build.0 = Release|Win32
		{4AD8DE7E-4891-4BA2-A461-C0CF9ED8EEE4}.Release|Windows Mobile 5.0 Pocket PC SDK (ARMV4I).ActiveCfg = Release|Windows Mobile 5.0 Pocket PC SDK (ARMV4I)
		{4AD8DE7E-4891-4BA2-A461-C0CF9ED8EEE4}.Release|Windows Mobile 5.0 Pocket PC SDK (ARMV4I).Build.0 = Release|Windows Mobile 5.0 Pocket PC SDK (ARMV4I)
		{4AD8DE7E-4891-4BA2-A461-C0CF9ED8EEE4}.Release|Windows Mobile 5.0 Pocket PC SDK (ARMV4I).Deploy.0 = Release|Windows Mobile 5.0 Pocket PC SDK (ARMV4I)
		{2FAC1064-F323-4E8B-BA42-8034AF16C158}.Debug|Pocket PC 2003 (ARMV4).ActiveCfg = Debug|Win32
		{2FAC1064-F323-4E8B-BA42-8034AF16C158}.Debug|Smartphone 2003 (ARMV4).ActiveCfg = Debug|Win32
		{2FAC1064-F323-4E8B-BA42-8034AF16C158}.Debug|STANDARDSDK_500 (ARMV4I).ActiveCfg = Debug|STANDARDSDK_500 (ARMV4I)
		{2FAC1064-F323-4E8B-BA42-8034AF16C158}.Debug|STANDARDSDK_500 (ARMV4I).Build.0 = Debug|STANDARDSDK_500 (ARMV4I)
		{2FAC1064-F323-4E8B-BA42-8034AF16C158}.Debug|STANDARDSDK_500 (ARMV4I).Deploy.0 = Debug|STANDARDSDK_500 (ARMV4I)
		{2FAC1064-F323-4E8B-BA42-8034AF16C158}.Debug|STANDARDSDK_500 (x86).ActiveCfg = Debug|Win32
		{2FAC1064-F323-4E8B-BA42-8034AF16C158}.Debug|Win32.ActiveCfg = Debug|Win32
		{2FAC1064-F323-4E8B-BA42-8034AF16C158}.Debug|Win32.Build.0 = Debug|Win32
		{2FAC1064-F323-4E8B-BA42-8034AF16C158}.Debug|Windows Mobile 5.0 Pocket PC SDK (ARMV4I).ActiveCfg = Debug|Win32
		{2FAC1064-F323-4E8B-BA42-8034AF16C158}.Release|Pocket PC 2003 (ARMV4).ActiveCfg = Release|Win32
		{2FAC1064-F323-4E8B-BA42-8034AF16C158}.Release|Smartphone 2003 (ARMV4).ActiveCfg = Release|Win32
		{2FAC1064-F323-4E8B-BA42-8034AF16C158}.Release|STANDARDSDK_500 (ARMV4I).ActiveCfg = Release|STANDARDSDK_500 (ARMV4I)
		{2FAC1064-F323-4E8B-BA42-8034AF16C158}.Release|STANDARDSDK_500 (ARMV4I).Build.0 = Release|STANDARDSDK_500 (ARMV4I)
		{2FAC1064-F323-4E8B-BA42-8034AF16C158}.Release|STANDARDSDK_500 (ARMV4I).Deploy.0 = Release|STANDARDSDK_500 (ARMV4I)
		{2FAC1064-F323-4E8B-BA42-8034AF16C158}.Release|STANDARDSDK_500 (x86).ActiveCfg = Release|Win32
		{2FAC1064-F323-4E8B-BA42-8034AF16C158}.Release|Win32.ActiveCfg = Release|Win32
		{2FAC1064-F323-4E8B-BA42-8034AF16C158}.Release|Win32.Build.0 = Release|Win32
		{2FAC1064-F323-4E8B-BA42-8034AF16C158}.Release|Windows Mobile 5.0 Pocket PC SDK (ARMV4I).ActiveCfg = Release|Windows Mobile 5.0 Pocket PC SDK (ARMV4I)
		{2FAC1064-F323-4E8B-BA42-8034AF16C158}.Release|Windows Mobile 5.0 Pocket PC SDK (ARMV4I).Build.0 = Release|Windows Mobile 5.0 Pocket PC SDK (ARMV4I)
		{2FAC1064-F323-4E8B-BA42-8034AF16C158}.Release|Windows Mobile 5.0 Pocket PC SDK (ARMV4I).Deploy.0 = Release|Windows Mobile 5.0 Pocket PC SDK (ARMV4I)
		{A0C6F0B1-9C1F-4508-A7CA-B13F15E6AD78}.Debug|Pocket PC 2003 (ARMV4).ActiveCfg = Debug|Win32
		{A0C6F0B1-9C1F-4508-A7CA-B13F15E6AD78}.Debug|Smartphone 2003 (ARMV4).ActiveCfg = Debug|Win32
		{A0C6F0B1-9C1F-4508-A7CA-B13F15E6AD78}.Debug|STANDARDSDK_500 (ARMV4I).ActiveCfg = Debug|STANDARDSDK_500 (ARMV4I)
		{A0C6F0B1-9C1F-4508-A7CA-B13F15E6AD78}.Debug|STANDARDSDK_500 (ARMV4I).Build.0 = Debug|STANDARDSDK_500 (ARMV4I)
		{A0C6F0B1-9C1F-4508-A7CA-B13F15E6AD78}.Debug|STANDARDSDK_500 (ARMV4I).Deploy.0 = Debug|STANDARDSDK_500 (ARMV4I)
		{A0C6F0B1-9C1F-4508-A7CA-B13F15E6AD78}.Debug|STANDARDSDK_500 (x86).ActiveCfg = Debug|Win32
		{A0C6F0B1-9C1F-4508-A7CA-B13F15E6AD78}.Debug|Win32.ActiveCfg = Debug|Win32
		{A0C6F0B1-9C1F-4508-A7CA-B13F15E6AD78}.Debug|Win32.Build.0 = Debug|Win32
		{A0C6F0B1-9C1F-4508-A7CA-B13F15E6AD78}.Debug|Windows Mobile 5.0 Pocket PC SDK (ARMV4I).ActiveCfg = Debug|Win32
		{A0C6F0B1-9C1F-4508-A7CA-B13F15E6AD78}.Release|Pocket PC 2003 (ARMV4).ActiveCfg = Release|Win32
		{A0C6F0B1-9C1F-4508-A7CA-B13F15E6AD78}.Release|Smartphone 2003 (ARMV4).ActiveCfg = Release|Win32
		{A0C6F0B1-9C1F-4508-A7CA-B13F15E6AD78}.Release|STANDARDSDK_500 (ARMV4I).ActiveCfg = Release|STANDARDSDK_500 (ARMV4I)
		{A0C6F0B1-9C1F-4508-A7CA-B13F15E6AD78}.Release|STANDARDSDK_500 (ARMV4I).Build.0 = Release|STANDARDSDK_500 (ARMV4I)
		{A0C6F0B1-9C1F-4508-A7CA-B13F15E6AD78}.Release|STANDARDSDK_500 (ARMV4I).Deploy.0 = Release|STANDARDSDK_500 (ARMV4I)
		{A0C6F0B1-9C1F-4508-A7CA-B13F15E6AD78}.Release|STANDARDSDK_500 (x86).ActiveCfg = Release|Win32
		{A0C6F0B1-9C1F-4508-A7CA-B13F15E6AD78}.Release|Win32.ActiveCfg = Release|Win32
		{A0C6F0B1-9C1F-4508-A7CA-B13F15E6AD78}.Release|Win32.Build.0 = Release|Win32
		{A0C6F0B1-9C1F-4508-A7CA-B13F15E6AD78}.Release|Windows Mobile 5.0 Pocket PC SDK (ARMV4I).ActiveCfg = Release|Windows Mobile 5.0 Pocket PC SDK (ARMV4I)
		{A0C6F0B1-9C1F-4508-A7CA-B13F15E6AD78}.Release|Windows Mobile 5.0 Pocket PC SDK (ARMV4I).Build.0 = Release|Windows Mobile 5.0 Pocket PC SDK (ARMV4I)
		{A0C6F0B1-9C1F-4508-A7CA-B13F15E6AD78}.Release|Windows Mobile 5.0 Pocket PC SDK (ARMV4I).Deploy.0 = Release|Windows Mobile 5.0 Pocket PC SDK (ARMV4I)
		{4391B7BF-1867-402E-9BBF-0A68417577E8}.Debug|Pocket PC 2003 (ARMV4).ActiveCfg = Debug|Win32
		{4391B7BF-1867-402E-9BBF-0A68417577E8}.Debug|Smartphone 2003 (ARMV4).ActiveCfg = Debug|Win32
		{4391B7BF-1867-402E-9BBF-0A68417577E8}.Debug|STANDARDSDK_500 (ARMV4I).ActiveCfg = Debug|STANDARDSDK_500 (ARMV4I)
		{4391B7BF-1867-402E-9BBF-0A68417577E8}.Debug|STANDARDSDK_500 (ARMV4I).Build.0 = Debug|STANDARDSDK_500 (ARMV4I)
		{4391B7BF-1867-402E-9BBF-0A68417577E8}.Debug|STANDARDSDK_500 (ARMV4I).Deploy.0 = Debug|STANDARDSDK_500 (ARMV4I)
		{4391B7BF-1867-402E-9BBF-0A68417577E8}.Debug|STANDARDSDK_500 (x86).ActiveCfg = Debug|Win32
		{4391B7BF-1867-402E-9BBF-0A68417577E8}.Debug|Win32.ActiveCfg = Debug|Win32
		{4391B7BF-1867-402E-9BBF-0A68417577E8}.Debug|Win32.Build.0 = Debug|Win32
		{4391B7BF-1867-402E-9BBF-0A68417577E8}.Debug|Windows Mobile 5.0 Pocket PC SDK (ARMV4I).ActiveCfg = Debug|Win32
		{4391B7BF-1867-402E-9BBF-0A68417577E8}.Release|Pocket PC 2003 (ARMV4).ActiveCfg = Release|Win32
		{4391B7BF-1867-402E-9BBF-0A68417577E8}.Release|Smartphone 2003 (ARMV4).ActiveCfg = Release|Win32
		{4391B7BF-1867-402E-9BBF-0A68417577E8}.Release|STANDARDSDK_500 (ARMV4I).ActiveCfg = Release|STANDARDSDK_500 (ARMV4I)
		{4391B7BF-1867-402E-9BBF-0A68417577E8}.Release|STANDARDSDK_500 (ARMV4I).Build.0 = Release|STANDARDSDK_500 (ARMV4I)
		{4391B7BF-1867-402E-9BBF-0A68417577E8}.Release|STANDARDSDK_500 (ARMV4I).Deploy.0 = Release|STANDARDSDK_500 (ARMV4I)
		{4391B7BF-1867-402E-9BBF-0A68417577E8}.Release|STANDARDSDK_500 (x86).ActiveCfg = Release|Win32
		{4391B7BF-1867-402E-9BBF-0A68417577E8}.Release|Win32.ActiveCfg = Release|Win32
		{4391B7BF-1867-402E-9BBF-0A68417577E8}.Release|Win32.Build.0 = Release|Win32
		{4391B7BF-1867-402E-9BBF-0A68417577E8}.Release|Windows Mobile 5.0 Pocket PC SDK (ARMV4I).ActiveCfg = Release|Windows Mobile 5.0 Pocket PC SDK (ARMV4I)
		{4391B7BF-1867-402E-9BBF-0A68417577E8}.Release|Windows Mobile 5.0 Pocket PC SDK (ARMV4I).Build.0 = Release|Windows Mobile 5.0 Pocket PC SDK (ARMV4I)
		{4391B7BF-1867-402E-9BBF-0A68417577E8}.Release|Windows Mobile 5.0 Pocket PC SDK (ARMV4I).Deploy.0 = Release|Windows Mobile 5.0 Pocket PC SDK (ARMV4I)
		{76AFB579-18C9-431C-81A3-7945FFE0F2C6}.Debug|Pocket PC 2003 (ARMV4).ActiveCfg = Debug|Win32
		{76AFB579-18C9-431C-81A3-7945FFE0F2C6}.Debug|Smartphone 2003 (ARMV4).ActiveCfg = Debug|Win32
		{76AFB579-18C9-431C-81A3-7945FFE0F2C6}.Debug|STANDARDSDK_500 (ARMV4I).ActiveCfg = Debug|STANDARDSDK_500 (ARMV4I)
		{76AFB579-18C9-431C-81A3-7945FFE0F2C6}.Debug|STANDARDSDK_500 (ARMV4I).Build.0 = Debug|STANDARDSDK_500 (ARMV4I)
		{76AFB579-18C9-431C-81A3-7945FFE0F2C6}.Debug|STANDARDSDK_500 (ARMV4I).Deploy.0 = Debug|STANDARDSDK_500 (ARMV4I)
		{76AFB579-18C9-431C-81A3-7945FFE0F2C6}.Debug|STANDARDSDK_500 (x86).ActiveCfg = Debug|Win32
		{76AFB579-18C9-431C-81A3-7945FFE0F2C6}.Debug|Win32.ActiveCfg = Debug|Win32
		{76AFB579-18C9-431C-81A3-7945FFE0F2C6}.Debug|Win32.Build.0 = Debug|Win32
		{76AFB579-18C9-431C-81A3-7945FFE0F2C6}.Debug|Windows Mobile 5.0 Pocket PC SDK (ARMV4I).ActiveCfg = Debug|Win32
		{76AFB579-18C9-431C-81A3-7945FFE0F2C6}.Release|Pocket PC 2003 (ARMV4).ActiveCfg = Release|Win32
		{76AFB579-18C9-431C-81A3-7945FFE0F2C6}.Release|Smartphone 2003 (ARMV4).ActiveCfg = Release|Win32
		{76AFB579-18C9-431C-81A3-7945FFE0F2C6}.Release|STANDARDSDK_500 (ARMV4I).ActiveCfg = Release|STANDARDSDK_500 (ARMV4I)
		{76AFB579-18C9-431C-81A3-7945FFE0F2C6}.Release|STANDARDSDK_500 (ARMV4I).Build.0 = Release|STANDARDSDK_500 (ARMV4I)
		{76AFB579-18C9-431C-81A3-7945FFE0F2C6}.Release|STANDARDSDK_500 (ARMV4I).Deploy.0 = Release|STANDARDSDK_500 (ARMV4I)
		{76AFB579-18C9-431C-81A3-7945FFE0F2C6}.Release|STANDARDSDK_500 (x86).ActiveCfg = Release|Win32
		{76AFB579-18C9-431C-81A3-7945FFE0F2C6}.Release|Win32.ActiveCfg = Release|Win32
		{76AFB579-18C9-431C-81A3-7945FFE0F2C6}.Release|Win32.Build.0 = Release|Win32
		{76AFB579-18C9-431C-81A3-7945FFE0F2C6}.Release|Windows Mobile 5.0 Pocket PC SDK (ARMV4I).ActiveCfg = Release|Windows Mobile 5.0 Pocket PC SDK (ARMV4I)
		{76AFB579-18C9-431C-81A3-7945FFE0F2C6}.Release|Windows Mobile 5.0 Pocket PC SDK (ARMV4I).Build.0 = Release|Windows Mobile 5.0 Pocket PC SDK (ARMV4I)
		{76AFB579-18C9-431C-81A3-7945FFE0F2C6}.Release|Windows Mobile 5.0 Pocket PC SDK (ARMV4I).Deploy.0 = Release|Windows Mobile 5.0 Pocket PC SDK (ARMV4I)
		{AED785B1-284A-4BD0-BD44-F5910DC4590B}.Debug|Pocket PC 2003 (ARMV4).ActiveCfg = Debug|Win32
		{AED785B1-284A-4BD0-BD44-F5910DC4590B}.Debug|Smartphone 2003 (ARMV4).ActiveCfg = Debug|Win32
		{AED785B1-284A-4BD0-BD44-F5910DC4590B}.Debug|STANDARDSDK_500 (ARMV4I).ActiveCfg = Debug|Win32
		{AED785B1-284A-4BD0-BD44-F5910DC4590B}.Debug|STANDARDSDK_500 (x86).ActiveCfg = Debug|Win32
		{AED785B1-284A-4BD0-BD44-F5910DC4590B}.Debug|Win32.ActiveCfg = Debug|Win32
		{AED785B1-284A-4BD0-BD44-F5910DC4590B}.Debug|Win32.Build.0 = Debug|Win32
		{AED785B1-284A-4BD0-BD44-F5910DC4590B}.Debug|Windows Mobile 5.0 Pocket PC SDK (ARMV4I).ActiveCfg = Debug|Win32
		{AED785B1-284A-4BD0-BD44-F5910DC4590B}.Release|Pocket PC 2003 (ARMV4).ActiveCfg = Release|Win32
		{AED785B1-284A-4BD0-BD44-F5910DC4590B}.Release|Smartphone 2003 (ARMV4).ActiveCfg = Release|Win32
		{AED785B1-284A-4BD0-BD44-F5910DC4590B}.Release|STANDARDSDK_500 (ARMV4I).ActiveCfg = Release|Win32
		{AED785B1-284A-4BD0-BD44-F5910DC4590B}.Release|STANDARDSDK_500 (x86).ActiveCfg = Release|Win32
		{AED785B1-284A-4BD0-BD44-F5910DC4590B}.Release|Win32.ActiveCfg = Release|Win32
		{AED785B1-284A-4BD0-BD44-F5910DC4590B}.Release|Win32.Build.0 = Release|Win32
		{AED785B1-284A-4BD0-BD44-F5910DC4590B}.Release|Windows Mobile 5.0 Pocket PC SDK (ARMV4I).ActiveCfg = Release|Win32
	EndGlobalSection
	GlobalSection(SolutionProperties) = preSolution
		HideSolutionNode = FALSE
	EndGlobalSection
EndGlobal
